
Microsoft Visual Studio Solution File, Format Version 12.00
# Visual Studio Version 17
VisualStudioVersion = 17.11.35327.3
MinimumVisualStudioVersion = 10.0.40219.1
Project("{FAE04EC0-301F-11D3-BF4B-00C04F79EFBC}") = "ImagesFilters", "ImageFilters\ImagesFilters.csproj", "{213AD278-901B-430C-9611-E19F1DECA4D9}"
EndProject
Project("{FAE04EC0-301F-11D3-BF4B-00C04F79EFBC}") = "ImagesFilters.Logic", "ImagesFilters.Logic\ImagesFilters.Logic.csproj", "{529BC6B5-D77A-4B04-9F56-D32FE7B5FDFE}"
EndProject
Global
	GlobalSection(SolutionConfigurationPlatforms) = preSolution
		Debug|Any CPU = Debug|Any CPU
		Release|Any CPU = Release|Any CPU
	EndGlobalSection
	GlobalSection(ProjectConfigurationPlatforms) = postSolution
		{213AD278-901B-430C-9611-E19F1DECA4D9}.Debug|Any CPU.ActiveCfg = Debug|Any CPU
		{213AD278-901B-430C-9611-E19F1DECA4D9}.Debug|Any CPU.Build.0 = Debug|Any CPU
		{213AD278-901B-430C-9611-E19F1DECA4D9}.Release|Any CPU.ActiveCfg = Release|Any CPU
		{213AD278-901B-430C-9611-E19F1DECA4D9}.Release|Any CPU.Build.0 = Release|Any CPU
		{529BC6B5-D77A-4B04-9F56-D32FE7B5FDFE}.Debug|Any CPU.ActiveCfg = Debug|Any CPU
		{529BC6B5-D77A-4B04-9F56-D32FE7B5FDFE}.Debug|Any CPU.Build.0 = Debug|Any CPU
		{529BC6B5-D77A-4B04-9F56-D32FE7B5FDFE}.Release|Any CPU.ActiveCfg = Release|Any CPU
		{529BC6B5-D77A-4B04-9F56-D32FE7B5FDFE}.Release|Any CPU.Build.0 = Release|Any CPU
	EndGlobalSection
	GlobalSection(SolutionProperties) = preSolution
		HideSolutionNode = FALSE
	EndGlobalSection
	GlobalSection(ExtensibilityGlobals) = postSolution
		SolutionGuid = {544FE932-E3BE-4F39-8722-9F1F81115886}
	EndGlobalSection
EndGlobal
